<?xml version="1.0" encoding="utf-8"?>
<Project ToolsVersion="4.0" xmlns="http://schemas.microsoft.com/developer/msbuild/2003">
  <ItemGroup>
    <Filter Include="源文件">
      <UniqueIdentifier>{4FC737F1-C7A5-4376-A066-2A32D752A2FF}</UniqueIdentifier>
      <Extensions>cpp;c;cc;cxx;def;odl;idl;hpj;bat;asm;asmx</Extensions>
    </Filter>
    <Filter Include="头文件">
      <UniqueIdentifier>{93995380-89BD-4b04-88EB-625FBE52EBFB}</UniqueIdentifier>
      <Extensions>h;hh;hpp;hxx;hm;inl;inc;xsd</Extensions>
    </Filter>
    <Filter Include="头文件\BinarySearch">
      <UniqueIdentifier>{97c858d7-68e7-48e4-882a-c46bdcb28eb3}</UniqueIdentifier>
    </Filter>
    <Filter Include="头文件\BinaryTree">
      <UniqueIdentifier>{e0f18de8-5611-40d0-996c-548ac9f0fde4}</UniqueIdentifier>
    </Filter>
    <Filter Include="头文件\String">
      <UniqueIdentifier>{7102838b-56aa-4599-8b82-8fa445f02c45}</UniqueIdentifier>
    </Filter>
    <Filter Include="源文件\BinarySearch">
      <UniqueIdentifier>{b16be0ba-a4e7-49ff-8ddd-7f9f265aa076}</UniqueIdentifier>
    </Filter>
    <Filter Include="源文件\BinaryTree">
      <UniqueIdentifier>{e9db2cda-3db0-4966-98f1-7053e9edeb6c}</UniqueIdentifier>
    </Filter>
    <Filter Include="源文件\String">
      <UniqueIdentifier>{4ba40643-bb23-4c40-b3b2-825208a9000e}</UniqueIdentifier>
    </Filter>
    <Filter Include="头文件\Others">
      <UniqueIdentifier>{442e793f-7daa-4321-8681-7ba0316fa798}</UniqueIdentifier>
    </Filter>
    <Filter Include="源文件\Others">
      <UniqueIdentifier>{455ec687-dd7f-48c8-85f2-6e4e5ad24f19}</UniqueIdentifier>
    </Filter>
    <Filter Include="头文件\DynamicProgramming">
      <UniqueIdentifier>{c0b2532e-e244-4b4e-a7f6-31d2b51cc8e7}</UniqueIdentifier>
    </Filter>
    <Filter Include="源文件\DynamicProgramming">
      <UniqueIdentifier>{9ccf3b8b-0632-4a4b-8bfb-b6f5fb690c34}</UniqueIdentifier>
    </Filter>
    <Filter Include="头文件\LinkedList">
      <UniqueIdentifier>{138ef31b-9a11-4d1b-aa7b-2312cddb6a2c}</UniqueIdentifier>
    </Filter>
    <Filter Include="源文件\LinkedList">
      <UniqueIdentifier>{837c8b94-3821-49a5-93c0-aa11afe50af2}</UniqueIdentifier>
    </Filter>
    <Filter Include="头文件\Stack">
      <UniqueIdentifier>{1f000677-d22e-47f3-ab2f-bdfe0efb43b7}</UniqueIdentifier>
    </Filter>
    <Filter Include="源文件\Stack">
      <UniqueIdentifier>{4c8ccaf7-3152-416e-b700-8986502db587}</UniqueIdentifier>
    </Filter>
    <Filter Include="头文件\Graph">
      <UniqueIdentifier>{e4cf8cb5-e618-4ea2-b91e-ee99db707f00}</UniqueIdentifier>
    </Filter>
    <Filter Include="源文件\Graph">
      <UniqueIdentifier>{167e032f-2bca-49ef-affb-5a2eacc4d7c8}</UniqueIdentifier>
    </Filter>
    <Filter Include="头文件\Recursion">
      <UniqueIdentifier>{2fef6f84-5d67-4ca7-844e-7e90961405b1}</UniqueIdentifier>
    </Filter>
    <Filter Include="源文件\Recursion">
      <UniqueIdentifier>{f38f0783-1c4a-454c-8ed1-b39726674850}</UniqueIdentifier>
    </Filter>
  </ItemGroup>
  <ItemGroup>
    <ClInclude Include="include\ACMMathCommon.h">
      <Filter>头文件</Filter>
    </ClInclude>
    <ClInclude Include="include\IACM.h">
      <Filter>头文件</Filter>
    </ClInclude>
    <ClInclude Include="include\binaryTree\ConstructBinaryTree.h">
      <Filter>头文件\BinaryTree</Filter>
    </ClInclude>
    <ClInclude Include="include\binaryTree\BalancedBinaryTree.h">
      <Filter>头文件\BinaryTree</Filter>
    </ClInclude>
    <ClInclude Include="include\binaryTree\BinaryTreetoLinkedList.h">
      <Filter>头文件\BinaryTree</Filter>
    </ClInclude>
    <ClInclude Include="include\string\DistinctSubsequnces.h">
      <Filter>头文件\String</Filter>
    </ClInclude>
    <ClInclude Include="include\binaryTree\RightPointerBinaryTree.h">
      <Filter>头文件\BinaryTree</Filter>
    </ClInclude>
    <ClInclude Include="include\binaryTree\BinaryTreeCommon.h">
      <Filter>头文件\BinaryTree</Filter>
    </ClInclude>
    <ClInclude Include="include\binaryTree\BinaryTreeDepth.h">
      <Filter>头文件\BinaryTree</Filter>
    </ClInclude>
    <ClInclude Include="include\binaryTree\BinaryTreeTraversal.h">
      <Filter>头文件\BinaryTree</Filter>
    </ClInclude>
    <ClInclude Include="include\binarySearch\BinarySearch.h">
      <Filter>头文件\BinarySearch</Filter>
    </ClInclude>
    <ClInclude Include="include\others\GasStation.h">
      <Filter>头文件\Others</Filter>
    </ClInclude>
    <ClInclude Include="include\others\PascalsTriangle.h">
      <Filter>头文件\Others</Filter>
    </ClInclude>
    <ClInclude Include="include\others\Triangle.h">
      <Filter>头文件\Others</Filter>
    </ClInclude>
    <ClInclude Include="include\dynamicProgramming\BuySellStock.h">
      <Filter>头文件\DynamicProgramming</Filter>
    </ClInclude>
    <ClInclude Include="include\binaryTree\BinaryTreeMaximumPathSum.h">
      <Filter>头文件\BinaryTree</Filter>
    </ClInclude>
    <ClInclude Include="include\others\LetterCombinationsOfPhoneNumbers.h">
      <Filter>头文件\Others</Filter>
    </ClInclude>
    <ClInclude Include="include\linkedList\MergeTwoSortedLists.h">
      <Filter>头文件\LinkedList</Filter>
    </ClInclude>
    <ClInclude Include="include\linkedList\LinkedListCommon.h">
      <Filter>头文件\LinkedList</Filter>
    </ClInclude>
    <ClInclude Include="include\stack\GenerateParentheses.h">
      <Filter>头文件\Stack</Filter>
    </ClInclude>
    <ClInclude Include="include\stack\LongestValidParentheses.h">
      <Filter>头文件\Stack</Filter>
    </ClInclude>
    <ClInclude Include="include\scopeguard.h">
      <Filter>头文件</Filter>
    </ClInclude>
    <ClInclude Include="include\binarySearch\SearchInRotatedSortedArray.h">
      <Filter>头文件\BinarySearch</Filter>
    </ClInclude>
    <ClInclude Include="include\binarySearch\Search2DMatrix.h">
      <Filter>头文件\BinarySearch</Filter>
    </ClInclude>
    <ClInclude Include="include\binaryTree\SumRootToLeafNumbers.h">
      <Filter>头文件\BinaryTree</Filter>
    </ClInclude>
    <ClInclude Include="include\graph\WordLadder.h">
      <Filter>头文件\Graph</Filter>
    </ClInclude>
    <ClInclude Include="include\graph\GraphCommon.h">
      <Filter>头文件\Graph</Filter>
    </ClInclude>
    <ClInclude Include="include\recursion\PalindromePartitioning.h">
      <Filter>头文件\Recursion</Filter>
    </ClInclude>
    <ClInclude Include="include\others\SingleNumber.h">
      <Filter>头文件\Others</Filter>
    </ClInclude>
  </ItemGroup>
  <ItemGroup>
    <ClCompile Include="src\binaryTree\ConstructBinaryTree.cpp">
      <Filter>源文件\BinaryTree</Filter>
    </ClCompile>
    <ClCompile Include="main.cpp">
      <Filter>源文件</Filter>
    </ClCompile>
    <ClCompile Include="src\binaryTree\BalancedBinaryTree.cpp">
      <Filter>源文件\BinaryTree</Filter>
    </ClCompile>
    <ClCompile Include="src\binaryTree\BinaryTreetoLinkedList.cpp">
      <Filter>源文件\BinaryTree</Filter>
    </ClCompile>
    <ClCompile Include="src\string\DistinctSubsequnces.cpp">
      <Filter>源文件\String</Filter>
    </ClCompile>
    <ClCompile Include="src\binaryTree\RightPointerBinaryTree.cpp">
      <Filter>源文件\BinaryTree</Filter>
    </ClCompile>
    <ClCompile Include="src\binaryTree\BinaryTreeDepth.cpp">
      <Filter>源文件\BinaryTree</Filter>
    </ClCompile>
    <ClCompile Include="src\binaryTree\BinaryTreeTraversal.cpp">
      <Filter>源文件\BinaryTree</Filter>
    </ClCompile>
    <ClCompile Include="src\bianrySearch\BinarySearch.cpp">
      <Filter>源文件\BinarySearch</Filter>
    </ClCompile>
    <ClCompile Include="src\others\GasStation.cpp">
      <Filter>源文件\Others</Filter>
    </ClCompile>
    <ClCompile Include="src\others\PascalsTriangle.cpp">
      <Filter>源文件\Others</Filter>
    </ClCompile>
    <ClCompile Include="src\others\Triangle.cpp">
      <Filter>源文件\Others</Filter>
    </ClCompile>
    <ClCompile Include="src\dynamicProgramming\BuySellStock.cpp">
      <Filter>源文件\DynamicProgramming</Filter>
    </ClCompile>
    <ClCompile Include="src\binaryTree\BinaryTreeMaximumPathSum.cpp">
      <Filter>源文件\BinaryTree</Filter>
    </ClCompile>
    <ClCompile Include="src\others\LetterCombinationsOfPhoneNumbers.cpp">
      <Filter>源文件\Others</Filter>
    </ClCompile>
    <ClCompile Include="src\linkedList\MergeTwoSortedLists.cpp">
      <Filter>源文件\LinkedList</Filter>
    </ClCompile>
    <ClCompile Include="src\stack\GenerateParentheses.cpp">
      <Filter>源文件\Stack</Filter>
    </ClCompile>
    <ClCompile Include="src\stack\LongestValidParentheses.cpp">
      <Filter>源文件\Stack</Filter>
    </ClCompile>
    <ClCompile Include="src\bianrySearch\SearchInRotatedSortedArray.cpp">
      <Filter>源文件\BinarySearch</Filter>
    </ClCompile>
    <ClCompile Include="src\bianrySearch\Search2DMatrix.cpp">
      <Filter>源文件\BinarySearch</Filter>
    </ClCompile>
    <ClCompile Include="src\binaryTree\SumRootToLeafNumbers.cpp">
      <Filter>源文件\BinaryTree</Filter>
    </ClCompile>
    <ClCompile Include="src\graph\WordLadder.cpp">
      <Filter>源文件\Graph</Filter>
    </ClCompile>
    <ClCompile Include="src\recursion\PalindromePartitioning.cpp">
      <Filter>源文件\Recursion</Filter>
    </ClCompile>
    <ClCompile Include="src\others\SingleNumber.cpp">
      <Filter>源文件\Others</Filter>
    </ClCompile>
  </ItemGroup>
</Project>