<?xml version="1.0" encoding="utf-8"?>
<Project ToolsVersion="4.0" xmlns="http://schemas.microsoft.com/developer/msbuild/2003">
  <ItemGroup>
    <Filter Include="源文件">
      <UniqueIdentifier>{4FC737F1-C7A5-4376-A066-2A32D752A2FF}</UniqueIdentifier>
      <Extensions>cpp;c;cc;cxx;def;odl;idl;hpj;bat;asm;asmx</Extensions>
    </Filter>
    <Filter Include="头文件">
      <UniqueIdentifier>{93995380-89BD-4b04-88EB-625FBE52EBFB}</UniqueIdentifier>
      <Extensions>h;hh;hpp;hxx;hm;inl;inc;xsd</Extensions>
    </Filter>
    <Filter Include="头文件\BinarySearch">
      <UniqueIdentifier>{97c858d7-68e7-48e4-882a-c46bdcb28eb3}</UniqueIdentifier>
    </Filter>
    <Filter Include="头文件\String">
      <UniqueIdentifier>{7102838b-56aa-4599-8b82-8fa445f02c45}</UniqueIdentifier>
    </Filter>
    <Filter Include="源文件\BinarySearch">
      <UniqueIdentifier>{b16be0ba-a4e7-49ff-8ddd-7f9f265aa076}</UniqueIdentifier>
    </Filter>
    <Filter Include="源文件\String">
      <UniqueIdentifier>{4ba40643-bb23-4c40-b3b2-825208a9000e}</UniqueIdentifier>
    </Filter>
    <Filter Include="头文件\Others">
      <UniqueIdentifier>{442e793f-7daa-4321-8681-7ba0316fa798}</UniqueIdentifier>
    </Filter>
    <Filter Include="源文件\Others">
      <UniqueIdentifier>{455ec687-dd7f-48c8-85f2-6e4e5ad24f19}</UniqueIdentifier>
    </Filter>
    <Filter Include="头文件\DynamicProgramming">
      <UniqueIdentifier>{c0b2532e-e244-4b4e-a7f6-31d2b51cc8e7}</UniqueIdentifier>
    </Filter>
    <Filter Include="源文件\DynamicProgramming">
      <UniqueIdentifier>{9ccf3b8b-0632-4a4b-8bfb-b6f5fb690c34}</UniqueIdentifier>
    </Filter>
    <Filter Include="头文件\LinkedList">
      <UniqueIdentifier>{138ef31b-9a11-4d1b-aa7b-2312cddb6a2c}</UniqueIdentifier>
    </Filter>
    <Filter Include="源文件\LinkedList">
      <UniqueIdentifier>{837c8b94-3821-49a5-93c0-aa11afe50af2}</UniqueIdentifier>
    </Filter>
    <Filter Include="头文件\Stack">
      <UniqueIdentifier>{1f000677-d22e-47f3-ab2f-bdfe0efb43b7}</UniqueIdentifier>
    </Filter>
    <Filter Include="源文件\Stack">
      <UniqueIdentifier>{4c8ccaf7-3152-416e-b700-8986502db587}</UniqueIdentifier>
    </Filter>
    <Filter Include="头文件\Graph">
      <UniqueIdentifier>{e4cf8cb5-e618-4ea2-b91e-ee99db707f00}</UniqueIdentifier>
    </Filter>
    <Filter Include="源文件\Graph">
      <UniqueIdentifier>{167e032f-2bca-49ef-affb-5a2eacc4d7c8}</UniqueIdentifier>
    </Filter>
    <Filter Include="头文件\Recursion">
      <UniqueIdentifier>{2fef6f84-5d67-4ca7-844e-7e90961405b1}</UniqueIdentifier>
    </Filter>
    <Filter Include="源文件\Recursion">
      <UniqueIdentifier>{f38f0783-1c4a-454c-8ed1-b39726674850}</UniqueIdentifier>
    </Filter>
    <Filter Include="头文件\Math">
      <UniqueIdentifier>{6ae6be52-dc23-4375-95ce-3c2e82fe7899}</UniqueIdentifier>
    </Filter>
    <Filter Include="源文件\Math">
      <UniqueIdentifier>{3f0bf158-0ab6-4469-bd02-e59be42a8ee0}</UniqueIdentifier>
    </Filter>
    <Filter Include="头文件\Sort">
      <UniqueIdentifier>{106c5105-e3be-4db3-9491-7d4516523eea}</UniqueIdentifier>
    </Filter>
    <Filter Include="源文件\Sort">
      <UniqueIdentifier>{d62f57e0-bdc6-4ed7-ad02-6e741e03c488}</UniqueIdentifier>
    </Filter>
    <Filter Include="头文件\SlidingWindow">
      <UniqueIdentifier>{cb2bddc8-6921-4ba8-918e-5b48e709f8df}</UniqueIdentifier>
    </Filter>
    <Filter Include="源文件\SlidingWindow">
      <UniqueIdentifier>{d110ceae-1fc9-4671-8671-1eeac5ea0766}</UniqueIdentifier>
    </Filter>
    <Filter Include="头文件\Scheduling">
      <UniqueIdentifier>{c709f2c1-d927-4650-aecc-6a878cef95a2}</UniqueIdentifier>
    </Filter>
    <Filter Include="源文件\Scheduling">
      <UniqueIdentifier>{00d62760-b311-4448-9228-8c4f1c38555a}</UniqueIdentifier>
    </Filter>
    <Filter Include="头文件\Recursion\DFS">
      <UniqueIdentifier>{8c4517de-d1a8-4202-b2d6-0e618bcf03e9}</UniqueIdentifier>
    </Filter>
    <Filter Include="源文件\Recursion\DFS">
      <UniqueIdentifier>{2b70b527-5741-4889-9663-db2b8a878876}</UniqueIdentifier>
    </Filter>
    <Filter Include="头文件\Tree">
      <UniqueIdentifier>{416d641d-1c69-4334-998a-255b7b7bd68d}</UniqueIdentifier>
    </Filter>
    <Filter Include="源文件\Tree">
      <UniqueIdentifier>{4d78b587-e57e-45d4-b2b7-75bb1558998b}</UniqueIdentifier>
    </Filter>
    <Filter Include="头文件\Tree\BinaryTree">
      <UniqueIdentifier>{eeb07842-e6b2-47d1-ae2a-ebeedd1c5042}</UniqueIdentifier>
    </Filter>
    <Filter Include="头文件\Tree\Trie">
      <UniqueIdentifier>{c4482e4f-8db1-4730-855a-b8254f0a9414}</UniqueIdentifier>
    </Filter>
    <Filter Include="源文件\Tree\BinaryTree">
      <UniqueIdentifier>{7e9a3449-1946-4cb9-93d9-79df7866c7ef}</UniqueIdentifier>
    </Filter>
    <Filter Include="源文件\Tree\Trie">
      <UniqueIdentifier>{c8c19e0a-bf56-451c-9870-3c732431632b}</UniqueIdentifier>
    </Filter>
    <Filter Include="头文件\Recursion\BFS">
      <UniqueIdentifier>{53df24f6-3daa-4c01-b593-86447406aed4}</UniqueIdentifier>
    </Filter>
    <Filter Include="源文件\Recursion\BFS">
      <UniqueIdentifier>{8148df5d-68f3-4da5-9450-4248b36b127e}</UniqueIdentifier>
    </Filter>
  </ItemGroup>
  <ItemGroup>
    <ClInclude Include="include\ACMMathCommon.h">
      <Filter>头文件</Filter>
    </ClInclude>
    <ClInclude Include="include\IACM.h">
      <Filter>头文件</Filter>
    </ClInclude>
    <ClInclude Include="include\string\DistinctSubsequnces.h">
      <Filter>头文件\String</Filter>
    </ClInclude>
    <ClInclude Include="include\binarySearch\BinarySearch.h">
      <Filter>头文件\BinarySearch</Filter>
    </ClInclude>
    <ClInclude Include="include\others\GasStation.h">
      <Filter>头文件\Others</Filter>
    </ClInclude>
    <ClInclude Include="include\others\PascalsTriangle.h">
      <Filter>头文件\Others</Filter>
    </ClInclude>
    <ClInclude Include="include\others\Triangle.h">
      <Filter>头文件\Others</Filter>
    </ClInclude>
    <ClInclude Include="include\dynamicProgramming\BuySellStock.h">
      <Filter>头文件\DynamicProgramming</Filter>
    </ClInclude>
    <ClInclude Include="include\others\LetterCombinationsOfPhoneNumbers.h">
      <Filter>头文件\Others</Filter>
    </ClInclude>
    <ClInclude Include="include\linkedList\MergeTwoSortedLists.h">
      <Filter>头文件\LinkedList</Filter>
    </ClInclude>
    <ClInclude Include="include\linkedList\LinkedListCommon.h">
      <Filter>头文件\LinkedList</Filter>
    </ClInclude>
    <ClInclude Include="include\stack\GenerateParentheses.h">
      <Filter>头文件\Stack</Filter>
    </ClInclude>
    <ClInclude Include="include\stack\LongestValidParentheses.h">
      <Filter>头文件\Stack</Filter>
    </ClInclude>
    <ClInclude Include="include\scopeguard.h">
      <Filter>头文件</Filter>
    </ClInclude>
    <ClInclude Include="include\binarySearch\SearchInRotatedSortedArray.h">
      <Filter>头文件\BinarySearch</Filter>
    </ClInclude>
    <ClInclude Include="include\binarySearch\Search2DMatrix.h">
      <Filter>头文件\BinarySearch</Filter>
    </ClInclude>
    <ClInclude Include="include\graph\WordLadder.h">
      <Filter>头文件\Graph</Filter>
    </ClInclude>
    <ClInclude Include="include\graph\GraphCommon.h">
      <Filter>头文件\Graph</Filter>
    </ClInclude>
    <ClInclude Include="include\recursion\PalindromePartitioning.h">
      <Filter>头文件\Recursion</Filter>
    </ClInclude>
    <ClInclude Include="include\others\SingleNumber.h">
      <Filter>头文件\Others</Filter>
    </ClInclude>
    <ClInclude Include="include\recursion\WordBreak.h">
      <Filter>头文件\Recursion</Filter>
    </ClInclude>
    <ClInclude Include="include\linkedList\LinkedListCycle.h">
      <Filter>头文件\LinkedList</Filter>
    </ClInclude>
    <ClInclude Include="include\recursion\CombinationSum.h">
      <Filter>头文件\Recursion</Filter>
    </ClInclude>
    <ClInclude Include="include\others\Permutations.h">
      <Filter>头文件\Others</Filter>
    </ClInclude>
    <ClInclude Include="include\others\GroupAnagrams.h">
      <Filter>头文件\Others</Filter>
    </ClInclude>
    <ClInclude Include="include\math\pow.h">
      <Filter>头文件\Math</Filter>
    </ClInclude>
    <ClInclude Include="include\recursion\SudokuSolver.h">
      <Filter>头文件\Recursion</Filter>
    </ClInclude>
    <ClInclude Include="include\others\SpiralMatrix.h">
      <Filter>头文件\Others</Filter>
    </ClInclude>
    <ClInclude Include="include\recursion\WordSearch.h">
      <Filter>头文件\Recursion</Filter>
    </ClInclude>
    <ClInclude Include="include\others\UniqueBinarySearchTrees.h">
      <Filter>头文件\Others</Filter>
    </ClInclude>
    <ClInclude Include="include\others\ReverseWords.h">
      <Filter>头文件\Others</Filter>
    </ClInclude>
    <ClInclude Include="include\dynamicProgramming\HouseRobber.h">
      <Filter>头文件\DynamicProgramming</Filter>
    </ClInclude>
    <ClInclude Include="include\sort\QuickSort.h">
      <Filter>头文件\Sort</Filter>
    </ClInclude>
    <ClInclude Include="include\sort\SortCommon.h">
      <Filter>头文件\Sort</Filter>
    </ClInclude>
    <ClInclude Include="include\sort\KthLargestElement.h">
      <Filter>头文件\Sort</Filter>
    </ClInclude>
    <ClInclude Include="include\others\MinimumSizeSubarraySum.h">
      <Filter>头文件\Others</Filter>
    </ClInclude>
    <ClInclude Include="include\graph\CourseSchedule.h">
      <Filter>头文件\Graph</Filter>
    </ClInclude>
    <ClInclude Include="include\dynamicProgramming\MaxConsecutiveOnes.h">
      <Filter>头文件\DynamicProgramming</Filter>
    </ClInclude>
    <ClInclude Include="include\slidingWindow\MaXConsecutiveOnesIII.h">
      <Filter>头文件\SlidingWindow</Filter>
    </ClInclude>
    <ClInclude Include="include\slidingWindow\LongestRepeatingCharacterReplacement.h">
      <Filter>头文件\SlidingWindow</Filter>
    </ClInclude>
    <ClInclude Include="include\slidingWindow\MinimumWindowSubstring.h">
      <Filter>头文件\SlidingWindow</Filter>
    </ClInclude>
    <ClInclude Include="include\slidingWindow\SlidingWindowMaximum.h">
      <Filter>头文件\SlidingWindow</Filter>
    </ClInclude>
    <ClInclude Include="include\stack\MinStack.h">
      <Filter>头文件\Stack</Filter>
    </ClInclude>
    <ClInclude Include="include\slidingWindow\SlidingWindowMedian.h">
      <Filter>头文件\SlidingWindow</Filter>
    </ClInclude>
    <ClInclude Include="include\slidingWindow\SubarraysWithKDifferentIntegers.h">
      <Filter>头文件\SlidingWindow</Filter>
    </ClInclude>
    <ClInclude Include="include\scheduling\LRUCache.h">
      <Filter>头文件\Scheduling</Filter>
    </ClInclude>
    <ClInclude Include="include\scheduling\LFUCache.h">
      <Filter>头文件\Scheduling</Filter>
    </ClInclude>
    <ClInclude Include="include\dynamicProgramming\MaximalSquare.h">
      <Filter>头文件\DynamicProgramming</Filter>
    </ClInclude>
    <ClInclude Include="include\stack\LargestRectangleInHistogram.h">
      <Filter>头文件\Stack</Filter>
    </ClInclude>
    <ClInclude Include="include\stack\MaximalRectangle.h">
      <Filter>头文件\Stack</Filter>
    </ClInclude>
    <ClInclude Include="include\binarySearch\FindPeakElement.h">
      <Filter>头文件\BinarySearch</Filter>
    </ClInclude>
    <ClInclude Include="include\recursion\dfs\SurroundedRegions.h">
      <Filter>头文件\Recursion\DFS</Filter>
    </ClInclude>
    <ClInclude Include="include\recursion\dfs\NumberOfIslands.h">
      <Filter>头文件\Recursion\DFS</Filter>
    </ClInclude>
    <ClInclude Include="include\linkedList\CloneRandomPointerList.h">
      <Filter>头文件\LinkedList</Filter>
    </ClInclude>
    <ClInclude Include="include\tree\binaryTree\BalancedBinaryTree.h">
      <Filter>头文件\Tree\BinaryTree</Filter>
    </ClInclude>
    <ClInclude Include="include\tree\binaryTree\binaryTreeCommon.h">
      <Filter>头文件\Tree\BinaryTree</Filter>
    </ClInclude>
    <ClInclude Include="include\tree\binaryTree\binaryTreeDepth.h">
      <Filter>头文件\Tree\BinaryTree</Filter>
    </ClInclude>
    <ClInclude Include="include\tree\binaryTree\BinaryTreeMaximumPathSum.h">
      <Filter>头文件\Tree\BinaryTree</Filter>
    </ClInclude>
    <ClInclude Include="include\tree\binaryTree\BinaryTreetoLinkedList.h">
      <Filter>头文件\Tree\BinaryTree</Filter>
    </ClInclude>
    <ClInclude Include="include\tree\binaryTree\binaryTreeTraversal.h">
      <Filter>头文件\Tree\BinaryTree</Filter>
    </ClInclude>
    <ClInclude Include="include\tree\binaryTree\ConstructBinaryTree.h">
      <Filter>头文件\Tree\BinaryTree</Filter>
    </ClInclude>
    <ClInclude Include="include\tree\binaryTree\RightPointerBinaryTree.h">
      <Filter>头文件\Tree\BinaryTree</Filter>
    </ClInclude>
    <ClInclude Include="include\tree\binaryTree\SumRootToLeafNumbers.h">
      <Filter>头文件\Tree\BinaryTree</Filter>
    </ClInclude>
    <ClInclude Include="include\tree\trie\Trie.h">
      <Filter>头文件\Tree\Trie</Filter>
    </ClInclude>
    <ClInclude Include="include\graph\CloneGraph.h">
      <Filter>头文件\Graph</Filter>
    </ClInclude>
    <ClInclude Include="include\others\HandofStraights.h">
      <Filter>头文件\Others</Filter>
    </ClInclude>
    <ClInclude Include="include\others\RotateArray.h">
      <Filter>头文件\Others</Filter>
    </ClInclude>
    <ClInclude Include="include\linkedList\IntersectionLinkedLists.h">
      <Filter>头文件\LinkedList</Filter>
    </ClInclude>
    <ClInclude Include="include\dynamicProgramming\MaximumProductSubarray.h">
      <Filter>头文件\DynamicProgramming</Filter>
    </ClInclude>
    <ClInclude Include="include\others\GameOfLife.h">
      <Filter>头文件\Others</Filter>
    </ClInclude>
    <ClInclude Include="include\graph\CourseScheduleII.h">
      <Filter>头文件\Graph</Filter>
    </ClInclude>
    <ClInclude Include="include\others\BulbSwitcher.h">
      <Filter>头文件\Others</Filter>
    </ClInclude>
    <ClInclude Include="include\others\LargestNumber.h">
      <Filter>头文件\Others</Filter>
    </ClInclude>
    <ClInclude Include="include\stack\BasicCalculator.h">
      <Filter>头文件\Stack</Filter>
    </ClInclude>
    <ClInclude Include="include\others\IsomorphicStrings.h">
      <Filter>头文件\Others</Filter>
    </ClInclude>
    <ClInclude Include="include\linkedList\RemoveElements.h">
      <Filter>头文件\LinkedList</Filter>
    </ClInclude>
    <ClInclude Include="include\linkedList\AddAndSearchWord.h">
      <Filter>头文件\Tree\Trie</Filter>
    </ClInclude>
    <ClInclude Include="include\others\MultiplyStrings.h">
      <Filter>头文件\Others</Filter>
    </ClInclude>
    <ClInclude Include="include\recursion\DecodeWays.h">
      <Filter>头文件\Recursion</Filter>
    </ClInclude>
    <ClInclude Include="include\others\CompareStringsbyFrequencyoftheSmallestCharacter.h">
      <Filter>头文件\Others</Filter>
    </ClInclude>
    <ClInclude Include="include\others\MergeIntervals.h">
      <Filter>头文件\Others</Filter>
    </ClInclude>
    <ClInclude Include="include\others\InsertInterval.h">
      <Filter>头文件\Others</Filter>
    </ClInclude>
    <ClInclude Include="include\others\FactorialTrailingZeroes.h">
      <Filter>头文件\Others</Filter>
    </ClInclude>
    <ClInclude Include="include\others\UglyNumber.h">
      <Filter>头文件\Others</Filter>
    </ClInclude>
    <ClInclude Include="include\others\FirstMissingPositive.h">
      <Filter>头文件\Others</Filter>
    </ClInclude>
    <ClInclude Include="include\others\BullsAndCows.h">
      <Filter>头文件\Others</Filter>
    </ClInclude>
    <ClInclude Include="include\tree\binaryTree\BinaryTreePaths.h">
      <Filter>头文件\Tree\BinaryTree</Filter>
    </ClInclude>
    <ClInclude Include="include\dynamicProgramming\LongestIncreasingSubsequence.h">
      <Filter>头文件\DynamicProgramming</Filter>
    </ClInclude>
    <ClInclude Include="include\dynamicProgramming\CoinChange.h">
      <Filter>头文件\DynamicProgramming</Filter>
    </ClInclude>
    <ClInclude Include="include\dynamicProgramming\LongestPalindromicSubsequence.h">
      <Filter>头文件\DynamicProgramming</Filter>
    </ClInclude>
    <ClInclude Include="include\recursion\bfs\FindBottomLeftTreeValue.h">
      <Filter>头文件\Recursion\BFS</Filter>
    </ClInclude>
  </ItemGroup>
  <ItemGroup>
    <ClCompile Include="main.cpp">
      <Filter>源文件</Filter>
    </ClCompile>
    <ClCompile Include="src\string\DistinctSubsequnces.cpp">
      <Filter>源文件\String</Filter>
    </ClCompile>
    <ClCompile Include="src\bianrySearch\BinarySearch.cpp">
      <Filter>源文件\BinarySearch</Filter>
    </ClCompile>
    <ClCompile Include="src\others\GasStation.cpp">
      <Filter>源文件\Others</Filter>
    </ClCompile>
    <ClCompile Include="src\others\PascalsTriangle.cpp">
      <Filter>源文件\Others</Filter>
    </ClCompile>
    <ClCompile Include="src\others\Triangle.cpp">
      <Filter>源文件\Others</Filter>
    </ClCompile>
    <ClCompile Include="src\dynamicProgramming\BuySellStock.cpp">
      <Filter>源文件\DynamicProgramming</Filter>
    </ClCompile>
    <ClCompile Include="src\others\LetterCombinationsOfPhoneNumbers.cpp">
      <Filter>源文件\Others</Filter>
    </ClCompile>
    <ClCompile Include="src\linkedList\MergeTwoSortedLists.cpp">
      <Filter>源文件\LinkedList</Filter>
    </ClCompile>
    <ClCompile Include="src\stack\GenerateParentheses.cpp">
      <Filter>源文件\Stack</Filter>
    </ClCompile>
    <ClCompile Include="src\stack\LongestValidParentheses.cpp">
      <Filter>源文件\Stack</Filter>
    </ClCompile>
    <ClCompile Include="src\bianrySearch\SearchInRotatedSortedArray.cpp">
      <Filter>源文件\BinarySearch</Filter>
    </ClCompile>
    <ClCompile Include="src\bianrySearch\Search2DMatrix.cpp">
      <Filter>源文件\BinarySearch</Filter>
    </ClCompile>
    <ClCompile Include="src\graph\WordLadder.cpp">
      <Filter>源文件\Graph</Filter>
    </ClCompile>
    <ClCompile Include="src\recursion\PalindromePartitioning.cpp">
      <Filter>源文件\Recursion</Filter>
    </ClCompile>
    <ClCompile Include="src\others\SingleNumber.cpp">
      <Filter>源文件\Others</Filter>
    </ClCompile>
    <ClCompile Include="src\recursion\WordBreak.cpp">
      <Filter>源文件\Recursion</Filter>
    </ClCompile>
    <ClCompile Include="src\linkedList\LinkedListCycle.cpp">
      <Filter>源文件\LinkedList</Filter>
    </ClCompile>
    <ClCompile Include="src\recursion\CombinationSum.cpp">
      <Filter>源文件\Recursion</Filter>
    </ClCompile>
    <ClCompile Include="src\others\Permutations.cpp">
      <Filter>源文件\Others</Filter>
    </ClCompile>
    <ClCompile Include="src\others\GroupAnagrams.cpp">
      <Filter>源文件\Others</Filter>
    </ClCompile>
    <ClCompile Include="src\math\pow.cpp">
      <Filter>源文件\Math</Filter>
    </ClCompile>
    <ClCompile Include="src\recursion\SudokuSolver.cpp">
      <Filter>源文件\Recursion</Filter>
    </ClCompile>
    <ClCompile Include="src\others\SpiralMatrix.cpp">
      <Filter>源文件\Others</Filter>
    </ClCompile>
    <ClCompile Include="src\recursion\WordSearch.cpp">
      <Filter>源文件\Recursion</Filter>
    </ClCompile>
    <ClCompile Include="src\others\UniqueBinarySearchTrees.cpp">
      <Filter>源文件\Others</Filter>
    </ClCompile>
    <ClCompile Include="src\others\ReverseWords.cpp">
      <Filter>源文件\Others</Filter>
    </ClCompile>
    <ClCompile Include="src\dynamicProgramming\HouseRobber.cpp">
      <Filter>源文件\DynamicProgramming</Filter>
    </ClCompile>
    <ClCompile Include="src\sort\QuickSort.cpp">
      <Filter>源文件\Sort</Filter>
    </ClCompile>
    <ClCompile Include="src\sort\KthLargestElement.cpp">
      <Filter>源文件\Sort</Filter>
    </ClCompile>
    <ClCompile Include="src\others\MinimumSizeSubarraySum.cpp">
      <Filter>源文件\Others</Filter>
    </ClCompile>
    <ClCompile Include="src\graph\CourseSchedule.cpp">
      <Filter>源文件\Graph</Filter>
    </ClCompile>
    <ClCompile Include="src\dynamicProgramming\MaxConsecutiveOnes.cpp">
      <Filter>源文件\DynamicProgramming</Filter>
    </ClCompile>
    <ClCompile Include="src\slidingWindow\MaxConsecutiveOnesIII.cpp">
      <Filter>源文件\SlidingWindow</Filter>
    </ClCompile>
    <ClCompile Include="src\slidingWindow\LongestRepeatingCharacterReplacement.cpp">
      <Filter>源文件\SlidingWindow</Filter>
    </ClCompile>
    <ClCompile Include="src\slidingWindow\MinimumWindowSubstring.cpp">
      <Filter>源文件\SlidingWindow</Filter>
    </ClCompile>
    <ClCompile Include="src\slidingWindow\SlidingWindowMaximum.cpp">
      <Filter>源文件\SlidingWindow</Filter>
    </ClCompile>
    <ClCompile Include="src\stack\MinStack.cpp">
      <Filter>源文件\Stack</Filter>
    </ClCompile>
    <ClCompile Include="src\slidingWindow\SlidingWindowMedian.cpp">
      <Filter>源文件\SlidingWindow</Filter>
    </ClCompile>
    <ClCompile Include="src\slidingWindow\SubarraysWithKDifferentIntegers.cpp">
      <Filter>源文件\SlidingWindow</Filter>
    </ClCompile>
    <ClCompile Include="src\scheduling\LRUCache.cpp">
      <Filter>源文件\Scheduling</Filter>
    </ClCompile>
    <ClCompile Include="src\LRU\LFUCache.cpp">
      <Filter>源文件\Scheduling</Filter>
    </ClCompile>
    <ClCompile Include="src\dynamicProgramming\MaximalSquare.cpp">
      <Filter>源文件\DynamicProgramming</Filter>
    </ClCompile>
    <ClCompile Include="src\stack\LargestRectangleInHistogram.cpp">
      <Filter>源文件\Stack</Filter>
    </ClCompile>
    <ClCompile Include="src\stack\MaximalRectangle.cpp">
      <Filter>源文件\Stack</Filter>
    </ClCompile>
    <ClCompile Include="src\recursion\dfs\SurroundedRegions.cpp">
      <Filter>源文件\Recursion\DFS</Filter>
    </ClCompile>
    <ClCompile Include="src\bianrySearch\FindPeakElement.cpp">
      <Filter>源文件\BinarySearch</Filter>
    </ClCompile>
    <ClCompile Include="src\recursion\dfs\NumberOfIslands.cpp">
      <Filter>源文件\Recursion\DFS</Filter>
    </ClCompile>
    <ClCompile Include="src\linkedList\CloneRandomPointerList.cpp">
      <Filter>源文件\LinkedList</Filter>
    </ClCompile>
    <ClCompile Include="src\tree\binaryTree\BalancedBinaryTree.cpp">
      <Filter>源文件\Tree\BinaryTree</Filter>
    </ClCompile>
    <ClCompile Include="src\tree\binaryTree\binaryTreeDepth.cpp">
      <Filter>源文件\Tree\BinaryTree</Filter>
    </ClCompile>
    <ClCompile Include="src\tree\binaryTree\BinaryTreeMaximumPathSum.cpp">
      <Filter>源文件\Tree\BinaryTree</Filter>
    </ClCompile>
    <ClCompile Include="src\tree\binaryTree\BinaryTreetoLinkedList.cpp">
      <Filter>源文件\Tree\BinaryTree</Filter>
    </ClCompile>
    <ClCompile Include="src\tree\binaryTree\binaryTreeTraversal.cpp">
      <Filter>源文件\Tree\BinaryTree</Filter>
    </ClCompile>
    <ClCompile Include="src\tree\binaryTree\ConstructBinaryTree.cpp">
      <Filter>源文件\Tree\BinaryTree</Filter>
    </ClCompile>
    <ClCompile Include="src\tree\binaryTree\RightPointerBinaryTree.cpp">
      <Filter>源文件\Tree\BinaryTree</Filter>
    </ClCompile>
    <ClCompile Include="src\tree\binaryTree\SumRootToLeafNumbers.cpp">
      <Filter>源文件\Tree\BinaryTree</Filter>
    </ClCompile>
    <ClCompile Include="src\tree\trie\Trie.cpp">
      <Filter>源文件\Tree\Trie</Filter>
    </ClCompile>
    <ClCompile Include="src\graph\CloneGraph.cpp">
      <Filter>源文件\Graph</Filter>
    </ClCompile>
    <ClCompile Include="src\others\HandofStraights.cpp">
      <Filter>源文件\Others</Filter>
    </ClCompile>
    <ClCompile Include="src\others\RotateArray.cpp">
      <Filter>源文件\Others</Filter>
    </ClCompile>
    <ClCompile Include="src\linkedList\IntersectionLinkedLists.cpp">
      <Filter>源文件\LinkedList</Filter>
    </ClCompile>
    <ClCompile Include="src\dynamicProgramming\MaximumProductSubarray.cpp">
      <Filter>源文件\DynamicProgramming</Filter>
    </ClCompile>
    <ClCompile Include="src\others\GameOfLife.cpp">
      <Filter>源文件\Others</Filter>
    </ClCompile>
    <ClCompile Include="src\graph\CourseScheduleII.cpp">
      <Filter>源文件\Graph</Filter>
    </ClCompile>
    <ClCompile Include="src\others\BulbSwitcher.cpp">
      <Filter>源文件\Others</Filter>
    </ClCompile>
    <ClCompile Include="src\others\LargestNumber.cpp">
      <Filter>源文件\Others</Filter>
    </ClCompile>
    <ClCompile Include="src\stack\BasicCalculator.cpp">
      <Filter>源文件\Stack</Filter>
    </ClCompile>
    <ClCompile Include="src\others\IsomorphicStrings.cpp">
      <Filter>源文件\Others</Filter>
    </ClCompile>
    <ClCompile Include="src\linkedList\RemoveElements.cpp">
      <Filter>源文件\LinkedList</Filter>
    </ClCompile>
    <ClCompile Include="src\linkedList\AddAndSearchWord.cpp">
      <Filter>源文件\Tree\Trie</Filter>
    </ClCompile>
    <ClCompile Include="src\others\MultiplyStrings.cpp">
      <Filter>源文件\Others</Filter>
    </ClCompile>
    <ClCompile Include="src\recursion\DecodeWays.cpp">
      <Filter>源文件\Recursion</Filter>
    </ClCompile>
    <ClCompile Include="src\others\CompareStringsbyFrequencyoftheSmallestCharacter.cpp">
      <Filter>源文件\Others</Filter>
    </ClCompile>
    <ClCompile Include="src\others\MergeIntervals.cpp">
      <Filter>源文件\Others</Filter>
    </ClCompile>
    <ClCompile Include="src\others\InsertInterval.cpp">
      <Filter>源文件\Others</Filter>
    </ClCompile>
    <ClCompile Include="src\others\FactorialTrailingZeroes.cpp">
      <Filter>源文件\Others</Filter>
    </ClCompile>
    <ClCompile Include="src\others\UglyNumber.cpp">
      <Filter>源文件\Others</Filter>
    </ClCompile>
    <ClCompile Include="src\others\FirstMissingPositive.cpp">
      <Filter>源文件\Others</Filter>
    </ClCompile>
    <ClCompile Include="src\others\BullsAndCows.cpp">
      <Filter>源文件\Others</Filter>
    </ClCompile>
    <ClCompile Include="src\tree\binaryTree\BinaryTreePaths.cpp">
      <Filter>源文件\Tree\BinaryTree</Filter>
    </ClCompile>
    <ClCompile Include="src\dynamicProgramming\LongestIncreasingSubsequence.cpp">
      <Filter>源文件\DynamicProgramming</Filter>
    </ClCompile>
    <ClCompile Include="src\dynamicProgramming\CoinChange.cpp">
      <Filter>源文件\DynamicProgramming</Filter>
    </ClCompile>
    <ClCompile Include="src\dynamicProgramming\LongestPalindromicSubsequence.cpp">
      <Filter>源文件\DynamicProgramming</Filter>
    </ClCompile>
    <ClCompile Include="src\recursion\bfs\FindBottomLeftTreeValue.cpp">
      <Filter>源文件\Recursion\BFS</Filter>
    </ClCompile>
  </ItemGroup>
</Project>