
Microsoft Visual Studio Solution File, Format Version 12.00
# Visual Studio 15
VisualStudioVersion = 15.0.27130.2027
MinimumVisualStudioVersion = 10.0.40219.1
Project("{8BC9CEB8-8B4A-11D0-8D11-00A0C91BC942}") = "DesignPatterns", "DesignPatterns\DesignPatterns.vcxproj", "{DED1F71C-E525-42D9-8CBD-F7639984B8D4}"
EndProject
Project("{2150E333-8FDC-42A3-9474-1A3956D46DE8}") = "CreationType", "CreationType", "{462F1064-375D-4D74-A8C3-35E802526591}"
EndProject
Project("{2150E333-8FDC-42A3-9474-1A3956D46DE8}") = "BehaviorType", "BehaviorType", "{F7D249AC-C557-4DED-AA23-09B8F618CDD3}"
EndProject
Project("{2150E333-8FDC-42A3-9474-1A3956D46DE8}") = "StructureType", "StructureType", "{88FFEBAB-1E5B-459A-A223-BBBEB50EFD94}"
EndProject
Project("{8BC9CEB8-8B4A-11D0-8D11-00A0C91BC942}") = "Singleton", "CreationType\Singleton\Singleton.vcxproj", "{FA11FE69-1271-4586-8E8F-0F81C50BC8D0}"
EndProject
Project("{8BC9CEB8-8B4A-11D0-8D11-00A0C91BC942}") = "Iterator", "BehaviorType\Iterator\Iterator.vcxproj", "{09112C88-5216-4234-9A92-AA4F5817F9C9}"
EndProject
Project("{8BC9CEB8-8B4A-11D0-8D11-00A0C91BC942}") = "Composite", "StructureType\Composite\Composite.vcxproj", "{00C0232E-318F-46E2-8639-67738488381B}"
EndProject
Project("{8BC9CEB8-8B4A-11D0-8D11-00A0C91BC942}") = "Factory", "CreationType\Factory\Factory.vcxproj", "{49F2E71F-22D2-4B3A-B845-C74DDE7ABC25}"
EndProject
Project("{8BC9CEB8-8B4A-11D0-8D11-00A0C91BC942}") = "Observer", "BehaviorType\Observer\Observer.vcxproj", "{F0163241-A82F-4A2C-A726-ADAB0FEE423B}"
EndProject
Global
	GlobalSection(SolutionConfigurationPlatforms) = preSolution
		Debug|x64 = Debug|x64
		Debug|x86 = Debug|x86
		Release|x64 = Release|x64
		Release|x86 = Release|x86
	EndGlobalSection
	GlobalSection(ProjectConfigurationPlatforms) = postSolution
		{DED1F71C-E525-42D9-8CBD-F7639984B8D4}.Debug|x64.ActiveCfg = Debug|x64
		{DED1F71C-E525-42D9-8CBD-F7639984B8D4}.Debug|x64.Build.0 = Debug|x64
		{DED1F71C-E525-42D9-8CBD-F7639984B8D4}.Debug|x86.ActiveCfg = Debug|Win32
		{DED1F71C-E525-42D9-8CBD-F7639984B8D4}.Debug|x86.Build.0 = Debug|Win32
		{DED1F71C-E525-42D9-8CBD-F7639984B8D4}.Release|x64.ActiveCfg = Release|x64
		{DED1F71C-E525-42D9-8CBD-F7639984B8D4}.Release|x64.Build.0 = Release|x64
		{DED1F71C-E525-42D9-8CBD-F7639984B8D4}.Release|x86.ActiveCfg = Release|Win32
		{DED1F71C-E525-42D9-8CBD-F7639984B8D4}.Release|x86.Build.0 = Release|Win32
		{FA11FE69-1271-4586-8E8F-0F81C50BC8D0}.Debug|x64.ActiveCfg = Debug|x64
		{FA11FE69-1271-4586-8E8F-0F81C50BC8D0}.Debug|x64.Build.0 = Debug|x64
		{FA11FE69-1271-4586-8E8F-0F81C50BC8D0}.Debug|x86.ActiveCfg = Debug|Win32
		{FA11FE69-1271-4586-8E8F-0F81C50BC8D0}.Debug|x86.Build.0 = Debug|Win32
		{FA11FE69-1271-4586-8E8F-0F81C50BC8D0}.Release|x64.ActiveCfg = Release|x64
		{FA11FE69-1271-4586-8E8F-0F81C50BC8D0}.Release|x64.Build.0 = Release|x64
		{FA11FE69-1271-4586-8E8F-0F81C50BC8D0}.Release|x86.ActiveCfg = Release|Win32
		{FA11FE69-1271-4586-8E8F-0F81C50BC8D0}.Release|x86.Build.0 = Release|Win32
		{09112C88-5216-4234-9A92-AA4F5817F9C9}.Debug|x64.ActiveCfg = Debug|x64
		{09112C88-5216-4234-9A92-AA4F5817F9C9}.Debug|x64.Build.0 = Debug|x64
		{09112C88-5216-4234-9A92-AA4F5817F9C9}.Debug|x86.ActiveCfg = Debug|Win32
		{09112C88-5216-4234-9A92-AA4F5817F9C9}.Debug|x86.Build.0 = Debug|Win32
		{09112C88-5216-4234-9A92-AA4F5817F9C9}.Release|x64.ActiveCfg = Release|x64
		{09112C88-5216-4234-9A92-AA4F5817F9C9}.Release|x64.Build.0 = Release|x64
		{09112C88-5216-4234-9A92-AA4F5817F9C9}.Release|x86.ActiveCfg = Release|Win32
		{09112C88-5216-4234-9A92-AA4F5817F9C9}.Release|x86.Build.0 = Release|Win32
		{00C0232E-318F-46E2-8639-67738488381B}.Debug|x64.ActiveCfg = Debug|x64
		{00C0232E-318F-46E2-8639-67738488381B}.Debug|x64.Build.0 = Debug|x64
		{00C0232E-318F-46E2-8639-67738488381B}.Debug|x86.ActiveCfg = Debug|Win32
		{00C0232E-318F-46E2-8639-67738488381B}.Debug|x86.Build.0 = Debug|Win32
		{00C0232E-318F-46E2-8639-67738488381B}.Release|x64.ActiveCfg = Release|x64
		{00C0232E-318F-46E2-8639-67738488381B}.Release|x64.Build.0 = Release|x64
		{00C0232E-318F-46E2-8639-67738488381B}.Release|x86.ActiveCfg = Release|Win32
		{00C0232E-318F-46E2-8639-67738488381B}.Release|x86.Build.0 = Release|Win32
		{49F2E71F-22D2-4B3A-B845-C74DDE7ABC25}.Debug|x64.ActiveCfg = Debug|x64
		{49F2E71F-22D2-4B3A-B845-C74DDE7ABC25}.Debug|x64.Build.0 = Debug|x64
		{49F2E71F-22D2-4B3A-B845-C74DDE7ABC25}.Debug|x86.ActiveCfg = Debug|Win32
		{49F2E71F-22D2-4B3A-B845-C74DDE7ABC25}.Debug|x86.Build.0 = Debug|Win32
		{49F2E71F-22D2-4B3A-B845-C74DDE7ABC25}.Release|x64.ActiveCfg = Release|x64
		{49F2E71F-22D2-4B3A-B845-C74DDE7ABC25}.Release|x64.Build.0 = Release|x64
		{49F2E71F-22D2-4B3A-B845-C74DDE7ABC25}.Release|x86.ActiveCfg = Release|Win32
		{49F2E71F-22D2-4B3A-B845-C74DDE7ABC25}.Release|x86.Build.0 = Release|Win32
		{F0163241-A82F-4A2C-A726-ADAB0FEE423B}.Debug|x64.ActiveCfg = Debug|x64
		{F0163241-A82F-4A2C-A726-ADAB0FEE423B}.Debug|x64.Build.0 = Debug|x64
		{F0163241-A82F-4A2C-A726-ADAB0FEE423B}.Debug|x86.ActiveCfg = Debug|Win32
		{F0163241-A82F-4A2C-A726-ADAB0FEE423B}.Debug|x86.Build.0 = Debug|Win32
		{F0163241-A82F-4A2C-A726-ADAB0FEE423B}.Release|x64.ActiveCfg = Release|x64
		{F0163241-A82F-4A2C-A726-ADAB0FEE423B}.Release|x64.Build.0 = Release|x64
		{F0163241-A82F-4A2C-A726-ADAB0FEE423B}.Release|x86.ActiveCfg = Release|Win32
		{F0163241-A82F-4A2C-A726-ADAB0FEE423B}.Release|x86.Build.0 = Release|Win32
	EndGlobalSection
	GlobalSection(SolutionProperties) = preSolution
		HideSolutionNode = FALSE
	EndGlobalSection
	GlobalSection(NestedProjects) = preSolution
		{FA11FE69-1271-4586-8E8F-0F81C50BC8D0} = {462F1064-375D-4D74-A8C3-35E802526591}
		{09112C88-5216-4234-9A92-AA4F5817F9C9} = {F7D249AC-C557-4DED-AA23-09B8F618CDD3}
		{00C0232E-318F-46E2-8639-67738488381B} = {88FFEBAB-1E5B-459A-A223-BBBEB50EFD94}
		{49F2E71F-22D2-4B3A-B845-C74DDE7ABC25} = {462F1064-375D-4D74-A8C3-35E802526591}
		{F0163241-A82F-4A2C-A726-ADAB0FEE423B} = {F7D249AC-C557-4DED-AA23-09B8F618CDD3}
	EndGlobalSection
	GlobalSection(ExtensibilityGlobals) = postSolution
		SolutionGuid = {01C16E60-A744-4702-B8AA-CD9D9F7B5CA6}
	EndGlobalSection
EndGlobal
